# THIS IS AN AUTOGENERATED FILE. DO NOT EDIT THIS FILE DIRECTLY.
# yarn lockfile v1


balanced-match@^0.4.1:
  version "0.4.2"
  resolved "https://registry.yarnpkg.com/balanced-match/-/balanced-match-0.4.2.tgz#cb3f3e3c732dc0f01ee70b403f302e61d7709838"

brace-expansion@^1.0.0:
  version "1.1.7"
  resolved "https://registry.yarnpkg.com/brace-expansion/-/brace-expansion-1.1.7.tgz#3effc3c50e000531fb720eaff80f0ae8ef23cf59"
  dependencies:
    balanced-match "^0.4.1"
    concat-map "0.0.1"

concat-map@0.0.1:
  version "0.0.1"
  resolved "https://registry.yarnpkg.com/concat-map/-/concat-map-0.0.1.tgz#d8a96bd77fd68df7793a73036a3ba0d5405d477b"

ember-cli-lodash-subset@^1.0.12:
  version "1.0.12"
  resolved "https://registry.yarnpkg.com/ember-cli-lodash-subset/-/ember-cli-lodash-subset-1.0.12.tgz#af2e77eba5dcb0d77f3308d3a6fd7d3450f6e537"

ember-cli-string-utils@^1.1.0:
  version "1.1.0"
  resolved "https://registry.yarnpkg.com/ember-cli-string-utils/-/ember-cli-string-utils-1.1.0.tgz#39b677fc2805f55173735376fcef278eaa4452a1"

ensure-posix-path@^1.0.0:
  version "1.0.2"
  resolved "https://registry.yarnpkg.com/ensure-posix-path/-/ensure-posix-path-1.0.2.tgz#a65b3e42d0b71cfc585eb774f9943c8d9b91b0c2"

exists-sync@^0.0.4:
  version "0.0.4"
  resolved "https://registry.yarnpkg.com/exists-sync/-/exists-sync-0.0.4.tgz#9744c2c428cc03b01060db454d4b12f0ef3c8879"

fs-extra@^3.0.0:
  version "3.0.1"
  resolved "https://registry.yarnpkg.com/fs-extra/-/fs-extra-3.0.1.tgz#3794f378c58b342ea7dbbb23095109c4b3b62291"
  dependencies:
    graceful-fs "^4.1.2"
    jsonfile "^3.0.0"
    universalify "^0.1.0"

global-modules@^0.2.3:
  version "0.2.3"
  resolved "https://registry.yarnpkg.com/global-modules/-/global-modules-0.2.3.tgz#ea5a3bed42c6d6ce995a4f8a1269b5dae223828d"
  dependencies:
    global-prefix "^0.1.4"
    is-windows "^0.2.0"

global-prefix@^0.1.4:
  version "0.1.5"
  resolved "https://registry.yarnpkg.com/global-prefix/-/global-prefix-0.1.5.tgz#8d3bc6b8da3ca8112a160d8d496ff0462bfef78f"
  dependencies:
    homedir-polyfill "^1.0.0"
    ini "^1.3.4"
    is-windows "^0.2.0"
    which "^1.2.12"

graceful-fs@^4.1.2, graceful-fs@^4.1.6:
  version "4.1.11"
  resolved "https://registry.yarnpkg.com/graceful-fs/-/graceful-fs-4.1.11.tgz#0e8bdfe4d1ddb8854d64e04ea7c00e2a026e5658"

homedir-polyfill@^1.0.0, homedir-polyfill@^1.0.1:
  version "1.0.1"
  resolved "https://registry.yarnpkg.com/homedir-polyfill/-/homedir-polyfill-1.0.1.tgz#4c2bbc8a758998feebf5ed68580f76d46768b4bc"
  dependencies:
    parse-passwd "^1.0.0"

ini@^1.3.4:
  version "1.3.4"
  resolved "https://registry.yarnpkg.com/ini/-/ini-1.3.4.tgz#0537cb79daf59b59a1a517dff706c86ec039162e"

is-windows@^0.2.0:
  version "0.2.0"
  resolved "https://registry.yarnpkg.com/is-windows/-/is-windows-0.2.0.tgz#de1aa6d63ea29dd248737b69f1ff8b8002d2108c"

isexe@^2.0.0:
  version "2.0.0"
  resolved "https://registry.yarnpkg.com/isexe/-/isexe-2.0.0.tgz#e8fbf374dc556ff8947a10dcb0572d633f2cfa10"

jsonfile@^3.0.0:
  version "3.0.0"
  resolved "https://registry.yarnpkg.com/jsonfile/-/jsonfile-3.0.0.tgz#92e7c7444e5ffd5fa32e6a9ae8b85034df8347d0"
  optionalDependencies:
    graceful-fs "^4.1.6"

matcher-collection@^1.0.0:
  version "1.0.4"
  resolved "https://registry.yarnpkg.com/matcher-collection/-/matcher-collection-1.0.4.tgz#2f66ae0869996f29e43d0b62c83dd1d43e581755"
  dependencies:
    minimatch "^3.0.2"

minimatch@^3.0.2:
  version "3.0.3"
  resolved "https://registry.yarnpkg.com/minimatch/-/minimatch-3.0.3.tgz#2a4e4090b96b2db06a9d7df01055a62a77c9b774"
  dependencies:
    brace-expansion "^1.0.0"

parse-passwd@^1.0.0:
  version "1.0.0"
  resolved "https://registry.yarnpkg.com/parse-passwd/-/parse-passwd-1.0.0.tgz#6d5b934a456993b23d37f40a382d6f1666a8e5c6"

sort-object-keys@^1.1.1:
  version "1.1.2"
  resolved "https://registry.yarnpkg.com/sort-object-keys/-/sort-object-keys-1.1.2.tgz#d3a6c48dc2ac97e6bc94367696e03f6d09d37952"

sort-package-json@^1.4.0:
  version "1.6.1"
  resolved "https://registry.yarnpkg.com/sort-package-json/-/sort-package-json-1.6.1.tgz#2ae463e4f5bb5d803bfdffdb4f92551c8fa66593"
  dependencies:
    sort-object-keys "^1.1.1"

universalify@^0.1.0:
  version "0.1.0"
  resolved "https://registry.yarnpkg.com/universalify/-/universalify-0.1.0.tgz#9eb1c4651debcc670cc94f1a75762332bb967778"

walk-sync@^0.3.1:
  version "0.3.1"
  resolved "https://registry.yarnpkg.com/walk-sync/-/walk-sync-0.3.1.tgz#558a16aeac8c0db59c028b73c66f397684ece465"
  dependencies:
    ensure-posix-path "^1.0.0"
    matcher-collection "^1.0.0"

which@^1.2.12:
  version "1.2.14"
  resolved "https://registry.yarnpkg.com/which/-/which-1.2.14.tgz#9a87c4378f03e827cecaf1acdf56c736c01c14e5"
  dependencies:
    isexe "^2.0.0"

yarn-config-directory@^1.0.0:
  version "1.0.2"
  resolved "https://registry.yarnpkg.com/yarn-config-directory/-/yarn-config-directory-1.0.2.tgz#2cedebe406c5799193bfcaf5f65a0a3235d2b7ba"
  integrity sha512-vSeu9mdbkaQB1ivgQ+hgLWWlPGja+eHRMWe+KmBzNIkfCEqk12T4PKeR19PX/k00A84SqK83o7hCvWCq2iY6jg==
  dependencies:
    homedir-polyfill "^1.0.1"

yarn-global-modules@^1.0.1:
  version "1.0.1"
  resolved "https://registry.yarnpkg.com/yarn-global-modules/-/yarn-global-modules-1.0.1.tgz#be2d96e57e1f31f217eab0ef1b207c25bde37f5d"
  integrity sha512-KoXxzwjZ65oCETpcd4sUnJZD6iUFrzo4k2p2a4C3h0OXOpjUvDnehNxA4jdmjAI3p4M6UFA+xoDtU8uN5u63Eg==
  dependencies:
    yarn-config-directory "^1.0.0"
